
Microsoft Visual Studio Solution File, Format Version 12.00
# Visual Studio 14
VisualStudioVersion = 14.0.25420.1
MinimumVisualStudioVersion = 10.0.40219.1
Project("{FAE04EC0-301F-11D3-BF4B-00C04F79EFBC}") = "JobManager.Test", "JobManager.Test\JobManager.Test.csproj", "{3284920B-675D-4D83-BAE7-EF7955407FE9}"
EndProject
Project("{FAE04EC0-301F-11D3-BF4B-00C04F79EFBC}") = "ProducerConsumerJobManager", "ProducerConsumerJobManager\ProducerConsumerJobManager.csproj", "{A32C38AE-E547-4988-9BB3-50832C83D125}"
EndProject
Global
	GlobalSection(SolutionConfigurationPlatforms) = preSolution
		Debug|Any CPU = Debug|Any CPU
		Release|Any CPU = Release|Any CPU
	EndGlobalSection
	GlobalSection(ProjectConfigurationPlatforms) = postSolution
		{3284920B-675D-4D83-BAE7-EF7955407FE9}.Debug|Any CPU.ActiveCfg = Debug|Any CPU
		{3284920B-675D-4D83-BAE7-EF7955407FE9}.Debug|Any CPU.Build.0 = Debug|Any CPU
		{3284920B-675D-4D83-BAE7-EF7955407FE9}.Release|Any CPU.ActiveCfg = Release|Any CPU
		{3284920B-675D-4D83-BAE7-EF7955407FE9}.Release|Any CPU.Build.0 = Release|Any CPU
		{A32C38AE-E547-4988-9BB3-50832C83D125}.Debug|Any CPU.ActiveCfg = Debug|Any CPU
		{A32C38AE-E547-4988-9BB3-50832C83D125}.Debug|Any CPU.Build.0 = Debug|Any CPU
		{A32C38AE-E547-4988-9BB3-50832C83D125}.Release|Any CPU.ActiveCfg = Release|Any CPU
		{A32C38AE-E547-4988-9BB3-50832C83D125}.Release|Any CPU.Build.0 = Release|Any CPU
	EndGlobalSection
	GlobalSection(SolutionProperties) = preSolution
		HideSolutionNode = FALSE
	EndGlobalSection
EndGlobal
